// !$*UTF8*$!
{
	archiveVersion = 1;
	classes = {
	};
	objectVersion = 50;
	objects = {

/* Begin PBXBuildFile section */
		3CBAEE53250530E3002473BD /* AppDelegate.swift in Sources */ = {isa = PBXBuildFile; fileRef = 3CBAEE52250530E3002473BD /* AppDelegate.swift */; };
		3CBAEE55250530E3002473BD /* SceneDelegate.swift in Sources */ = {isa = PBXBuildFile; fileRef = 3CBAEE54250530E3002473BD /* SceneDelegate.swift */; };
		3CBAEE57250530E3002473BD /* MainViewController.swift in Sources */ = {isa = PBXBuildFile; fileRef = 3CBAEE56250530E3002473BD /* MainViewController.swift */; };
		3CBAEE5A250530E3002473BD /* Main.storyboard in Resources */ = {isa = PBXBuildFile; fileRef = 3CBAEE58250530E3002473BD /* Main.storyboard */; };
		3CBAEE5C250530E4002473BD /* Assets.xcassets in Resources */ = {isa = PBXBuildFile; fileRef = 3CBAEE5B250530E4002473BD /* Assets.xcassets */; };
		3CBAEE5F250530E4002473BD /* LaunchScreen.storyboard in Resources */ = {isa = PBXBuildFile; fileRef = 3CBAEE5D250530E4002473BD /* LaunchScreen.storyboard */; };
		3CBAEE89250CF58C002473BD /* Todo.swift in Sources */ = {isa = PBXBuildFile; fileRef = 3CBAEE88250CF58C002473BD /* Todo.swift */; };
		3CBAEE8B250D32CD002473BD /* Storage.swift in Sources */ = {isa = PBXBuildFile; fileRef = 3CBAEE8A250D32CD002473BD /* Storage.swift */; };
/* End PBXBuildFile section */

/* Begin PBXFileReference section */
		3CBAEE4F250530E3002473BD /* 10MinuteTask-ios.app */ = {isa = PBXFileReference; explicitFileType = wrapper.application; includeInIndex = 0; path = "10MinuteTask-ios.app"; sourceTree = BUILT_PRODUCTS_DIR; };
		3CBAEE52250530E3002473BD /* AppDelegate.swift */ = {isa = PBXFileReference; lastKnownFileType = sourcecode.swift; path = AppDelegate.swift; sourceTree = "<group>"; };
		3CBAEE54250530E3002473BD /* SceneDelegate.swift */ = {isa = PBXFileReference; lastKnownFileType = sourcecode.swift; path = SceneDelegate.swift; sourceTree = "<group>"; };
		3CBAEE56250530E3002473BD /* MainViewController.swift */ = {isa = PBXFileReference; lastKnownFileType = sourcecode.swift; path = MainViewController.swift; sourceTree = "<group>"; };
		3CBAEE59250530E3002473BD /* Base */ = {isa = PBXFileReference; lastKnownFileType = file.storyboard; name = Base; path = Base.lproj/Main.storyboard; sourceTree = "<group>"; };
		3CBAEE5B250530E4002473BD /* Assets.xcassets */ = {isa = PBXFileReference; lastKnownFileType = folder.assetcatalog; path = Assets.xcassets; sourceTree = "<group>"; };
		3CBAEE5E250530E4002473BD /* Base */ = {isa = PBXFileReference; lastKnownFileType = file.storyboard; name = Base; path = Base.lproj/LaunchScreen.storyboard; sourceTree = "<group>"; };
		3CBAEE60250530E4002473BD /* Info.plist */ = {isa = PBXFileReference; lastKnownFileType = text.plist.xml; path = Info.plist; sourceTree = "<group>"; };
		3CBAEE88250CF58C002473BD /* Todo.swift */ = {isa = PBXFileReference; lastKnownFileType = sourcecode.swift; path = Todo.swift; sourceTree = "<group>"; };
		3CBAEE8A250D32CD002473BD /* Storage.swift */ = {isa = PBXFileReference; lastKnownFileType = sourcecode.swift; path = Storage.swift; sourceTree = "<group>"; };
/* End PBXFileReference section */

/* Begin PBXFrameworksBuildPhase section */
		3CBAEE4C250530E3002473BD /* Frameworks */ = {
			isa = PBXFrameworksBuildPhase;
			buildActionMask = 2147483647;
			files = (
			);
			runOnlyForDeploymentPostprocessing = 0;
		};
/* End PBXFrameworksBuildPhase section */

/* Begin PBXGroup section */
		3CBAEE46250530E3002473BD = {
			isa = PBXGroup;
			children = (
				3CBAEE51250530E3002473BD /* 10MinuteTask-ios */,
				3CBAEE50250530E3002473BD /* Products */,
			);
			sourceTree = "<group>";
		};
		3CBAEE50250530E3002473BD /* Products */ = {
			isa = PBXGroup;
			children = (
				3CBAEE4F250530E3002473BD /* 10MinuteTask-ios.app */,
			);
			name = Products;
			sourceTree = "<group>";
		};
		3CBAEE51250530E3002473BD /* 10MinuteTask-ios */ = {
			isa = PBXGroup;
			children = (
				3CBAEE52250530E3002473BD /* AppDelegate.swift */,
				3CBAEE54250530E3002473BD /* SceneDelegate.swift */,
				3CBAEE56250530E3002473BD /* MainViewController.swift */,
				3CBAEE58250530E3002473BD /* Main.storyboard */,
				3CBAEE5B250530E4002473BD /* Assets.xcassets */,
				3CBAEE5D250530E4002473BD /* LaunchScreen.storyboard */,
				3CBAEE60250530E4002473BD /* Info.plist */,
				3CBAEE88250CF58C002473BD /* Todo.swift */,
				3CBAEE8A250D32CD002473BD /* Storage.swift */,
			);
			path = "10MinuteTask-ios";
			sourceTree = "<group>";
		};
/* End PBXGroup section */

/* Begin PBXNativeTarget section */
		3CBAEE4E250530E3002473BD /* 10MinuteTask-ios */ = {
			isa = PBXNativeTarget;
			buildConfigurationList = 3CBAEE63250530E4002473BD /* Build configuration list for PBXNativeTarget "10MinuteTask-ios" */;
			buildPhases = (
				3CBAEE4B250530E3002473BD /* Sources */,
				3CBAEE4C250530E3002473BD /* Frameworks */,
				3CBAEE4D250530E3002473BD /* Resources */,
			);
			buildRules = (
			);
			dependencies = (
			);
			name = "10MinuteTask-ios";
			productName = "10MinuteTask-ios";
			productReference = 3CBAEE4F250530E3002473BD /* 10MinuteTask-ios.app */;
			productType = "com.apple.product-type.application";
		};
/* End PBXNativeTarget section */

/* Begin PBXProject section */
		3CBAEE47250530E3002473BD /* Project object */ = {
			isa = PBXProject;
			attributes = {
				LastSwiftUpdateCheck = 1160;
				LastUpgradeCheck = 1160;
				ORGANIZATIONNAME = jina;
				TargetAttributes = {
					3CBAEE4E250530E3002473BD = {
						CreatedOnToolsVersion = 11.6;
					};
				};
			};
			buildConfigurationList = 3CBAEE4A250530E3002473BD /* Build configuration list for PBXProject "10MinuteTask-ios" */;
			compatibilityVersion = "Xcode 9.3";
			developmentRegion = en;
			hasScannedForEncodings = 0;
			knownRegions = (
				en,
				Base,
			);
			mainGroup = 3CBAEE46250530E3002473BD;
			productRefGroup = 3CBAEE50250530E3002473BD /* Products */;
			projectDirPath = "";
			projectRoot = "";
			targets = (
				3CBAEE4E250530E3002473BD /* 10MinuteTask-ios */,
			);
		};
/* End PBXProject section */

/* Begin PBXResourcesBuildPhase section */
		3CBAEE4D250530E3002473BD /* Resources */ = {
			isa = PBXResourcesBuildPhase;
			buildActionMask = 2147483647;
			files = (
				3CBAEE5F250530E4002473BD /* LaunchScreen.storyboard in Resources */,
				3CBAEE5C250530E4002473BD /* Assets.xcassets in Resources */,
				3CBAEE5A250530E3002473BD /* Main.storyboard in Resources */,
			);
			runOnlyForDeploymentPostprocessing = 0;
		};
/* End PBXResourcesBuildPhase section */

/* Begin PBXSourcesBuildPhase section */
		3CBAEE4B250530E3002473BD /* Sources */ = {
			isa = PBXSourcesBuildPhase;
			buildActionMask = 2147483647;
			files = (
				3CBAEE57250530E3002473BD /* MainViewController.swift in Sources */,
				3CBAEE53250530E3002473BD /* AppDelegate.swift in Sources */,
				3CBAEE55250530E3002473BD /* SceneDelegate.swift in Sources */,
				3CBAEE89250CF58C002473BD /* Todo.swift in Sources */,
				3CBAEE8B250D32CD002473BD /* Storage.swift in Sources */,
			);
			runOnlyForDeploymentPostprocessing = 0;
		};
/* End PBXSourcesBuildPhase section */

/* Begin PBXVariantGroup section */
		3CBAEE58250530E3002473BD /* Main.storyboard */ = {
			isa = PBXVariantGroup;
			children = (
				3CBAEE59250530E3002473BD /* Base */,
			);
			name = Main.storyboard;
			sourceTree = "<group>";
		};
		3CBAEE5D250530E4002473BD /* LaunchScreen.storyboard */ = {
			isa = PBXVariantGroup;
			children = (
				3CBAEE5E250530E4002473BD /* Base */,
			);
			name = LaunchScreen.storyboard;
			sourceTree = "<group>";
		};
/* End PBXVariantGroup section */

/* Begin XCBuildConfiguration section */
		3CBAEE61250530E4002473BD /* Debug */ = {
			isa = XCBuildConfiguration;
			buildSettings = {
				ALWAYS_SEARCH_USER_PATHS = NO;
				CLANG_ANALYZER_NONNULL = YES;
				CLANG_ANALYZER_NUMBER_OBJECT_CONVERSION = YES_AGGRESSIVE;
				CLANG_CXX_LANGUAGE_STANDARD = "gnu++14";
				CLANG_CXX_LIBRARY = "libc++";
				CLANG_ENABLE_MODULES = YES;
				CLANG_ENABLE_OBJC_ARC = YES;
				CLANG_ENABLE_OBJC_WEAK = YES;
				CLANG_WARN_BLOCK_CAPTURE_AUTORELEASING = YES;
				CLANG_WARN_BOOL_CONVERSION = YES;
				CLANG_WARN_COMMA = YES;
				CLANG_WARN_CONSTANT_CONVERSION = YES;
				CLANG_WARN_DEPRECATED_OBJC_IMPLEMENTATIONS = YES;
				CLANG_WARN_DIRECT_OBJC_ISA_USAGE = YES_ERROR;
				CLANG_WARN_DOCUMENTATION_COMMENTS = YES;
				CLANG_WARN_EMPTY_BODY = YES;
				CLANG_WARN_ENUM_CONVERSION = YES;
				CLANG_WARN_INFINITE_RECURSION = YES;
				CLANG_WARN_INT_CONVERSION = YES;
				CLANG_WARN_NON_LITERAL_NULL_CONVERSION = YES;
				CLANG_WARN_OBJC_IMPLICIT_RETAIN_SELF = YES;
				CLANG_WARN_OBJC_LITERAL_CONVERSION = YES;
				CLANG_WARN_OBJC_ROOT_CLASS = YES_ERROR;
				CLANG_WARN_RANGE_LOOP_ANALYSIS = YES;
				CLANG_WARN_STRICT_PROTOTYPES = YES;
				CLANG_WARN_SUSPICIOUS_MOVE = YES;
				CLANG_WARN_UNGUARDED_AVAILABILITY = YES_AGGRESSIVE;
				CLANG_WARN_UNREACHABLE_CODE = YES;
				CLANG_WARN__DUPLICATE_METHOD_MATCH = YES;
				COPY_PHASE_STRIP = NO;
				DEBUG_INFORMATION_FORMAT = dwarf;
				ENABLE_STRICT_OBJC_MSGSEND = YES;
				ENABLE_TESTABILITY = YES;
				GCC_C_LANGUAGE_STANDARD = gnu11;
				GCC_DYNAMIC_NO_PIC = NO;
				GCC_NO_COMMON_BLOCKS = YES;
				GCC_OPTIMIZATION_LEVEL = 0;
				GCC_PREPROCESSOR_DEFINITIONS = (
					"DEBUG=1",
					"$(inherited)",
				);
				GCC_WARN_64_TO_32_BIT_CONVERSION = YES;
				GCC_WARN_ABOUT_RETURN_TYPE = YES_ERROR;
				GCC_WARN_UNDECLARED_SELECTOR = YES;
				GCC_WARN_UNINITIALIZED_AUTOS = YES_AGGRESSIVE;
				GCC_WARN_UNUSED_FUNCTION = YES;
				GCC_WARN_UNUSED_VARIABLE = YES;
				IPHONEOS_DEPLOYMENT_TARGET = 13.6;
				MTL_ENABLE_DEBUG_INFO = INCLUDE_SOURCE;
				MTL_FAST_MATH = YES;
				ONLY_ACTIVE_ARCH = YES;
				SDKROOT = iphoneos;
				SWIFT_ACTIVE_COMPILATION_CONDITIONS = DEBUG;
				SWIFT_OPTIMIZATION_LEVEL = "-Onone";
			};
			name = Debug;
		};
		3CBAEE62250530E4002473BD /* Release */ = {
			isa = XCBuildConfiguration;
			buildSettings = {
				ALWAYS_SEARCH_USER_PATHS = NO;
				CLANG_ANALYZER_NONNULL = YES;
				CLANG_ANALYZER_NUMBER_OBJECT_CONVERSION = YES_AGGRESSIVE;
				CLANG_CXX_LANGUAGE_STANDARD = "gnu++14";
				CLANG_CXX_LIBRARY = "libc++";
				CLANG_ENABLE_MODULES = YES;
				CLANG_ENABLE_OBJC_ARC = YES;
				CLANG_ENABLE_OBJC_WEAK = YES;
				CLANG_WARN_BLOCK_CAPTURE_AUTORELEASING = YES;
				CLANG_WARN_BOOL_CONVERSION = YES;
				CLANG_WARN_COMMA = YES;
				CLANG_WARN_CONSTANT_CONVERSION = YES;
				CLANG_WARN_DEPRECATED_OBJC_IMPLEMENTATIONS = YES;
				CLANG_WARN_DIRECT_OBJC_ISA_USAGE = YES_ERROR;
				CLANG_WARN_DOCUMENTATION_COMMENTS = YES;
				CLANG_WARN_EMPTY_BODY = YES;
				CLANG_WARN_ENUM_CONVERSION = YES;
				CLANG_WARN_INFINITE_RECURSION = YES;
				CLANG_WARN_INT_CONVERSION = YES;
				CLANG_WARN_NON_LITERAL_NULL_CONVERSION = YES;
				CLANG_WARN_OBJC_IMPLICIT_RETAIN_SELF = YES;
				CLANG_WARN_OBJC_LITERAL_CONVERSION = YES;
				CLANG_WARN_OBJC_ROOT_CLASS = YES_ERROR;
				CLANG_WARN_RANGE_LOOP_ANALYSIS = YES;
				CLANG_WARN_STRICT_PROTOTYPES = YES;
				CLANG_WARN_SUSPICIOUS_MOVE = YES;
				CLANG_WARN_UNGUARDED_AVAILABILITY = YES_AGGRESSIVE;
				CLANG_WARN_UNREACHABLE_CODE = YES;
				CLANG_WARN__DUPLICATE_METHOD_MATCH = YES;
				COPY_PHASE_STRIP = NO;
				DEBUG_INFORMATION_FORMAT = "dwarf-with-dsym";
				ENABLE_NS_ASSERTIONS = NO;
				ENABLE_STRICT_OBJC_MSGSEND = YES;
				GCC_C_LANGUAGE_STANDARD = gnu11;
				GCC_NO_COMMON_BLOCKS = YES;
				GCC_WARN_64_TO_32_BIT_CONVERSION = YES;
				GCC_WARN_ABOUT_RETURN_TYPE = YES_ERROR;
				GCC_WARN_UNDECLARED_SELECTOR = YES;
				GCC_WARN_UNINITIALIZED_AUTOS = YES_AGGRESSIVE;
				GCC_WARN_UNUSED_FUNCTION = YES;
				GCC_WARN_UNUSED_VARIABLE = YES;
				IPHONEOS_DEPLOYMENT_TARGET = 13.6;
				MTL_ENABLE_DEBUG_INFO = NO;
				MTL_FAST_MATH = YES;
				SDKROOT = iphoneos;
				SWIFT_COMPILATION_MODE = wholemodule;
				SWIFT_OPTIMIZATION_LEVEL = "-O";
				VALIDATE_PRODUCT = YES;
			};
			name = Release;
		};
		3CBAEE64250530E4002473BD /* Debug */ = {
			isa = XCBuildConfiguration;
			buildSettings = {
				ASSETCATALOG_COMPILER_APPICON_NAME = AppIcon;
				CODE_SIGN_STYLE = Automatic;
				DEVELOPMENT_TEAM = YA2HFH8QH6;
				INFOPLIST_FILE = "10MinuteTask-ios/Info.plist";
				LD_RUNPATH_SEARCH_PATHS = (
					"$(inherited)",
					"@executable_path/Frameworks",
				);
				PRODUCT_BUNDLE_IDENTIFIER = "jina.-0MinuteTask-ios";
				PRODUCT_NAME = "$(TARGET_NAME)";
				SWIFT_VERSION = 5.0;
				TARGETED_DEVICE_FAMILY = "1,2";
			};
			name = Debug;
		};
		3CBAEE65250530E4002473BD /* Release */ = {
			isa = XCBuildConfiguration;
			buildSettings = {
				ASSETCATALOG_COMPILER_APPICON_NAME = AppIcon;
				CODE_SIGN_STYLE = Automatic;
				DEVELOPMENT_TEAM = YA2HFH8QH6;
				INFOPLIST_FILE = "10MinuteTask-ios/Info.plist";
				LD_RUNPATH_SEARCH_PATHS = (
					"$(inherited)",
					"@executable_path/Frameworks",
				);
				PRODUCT_BUNDLE_IDENTIFIER = "jina.-0MinuteTask-ios";
				PRODUCT_NAME = "$(TARGET_NAME)";
				SWIFT_VERSION = 5.0;
				TARGETED_DEVICE_FAMILY = "1,2";
			};
			name = Release;
		};
/* End XCBuildConfiguration section */

/* Begin XCConfigurationList section */
		3CBAEE4A250530E3002473BD /* Build configuration list for PBXProject "10MinuteTask-ios" */ = {
			isa = XCConfigurationList;
			buildConfigurations = (
				3CBAEE61250530E4002473BD /* Debug */,
				3CBAEE62250530E4002473BD /* Release */,
			);
			defaultConfigurationIsVisible = 0;
			defaultConfigurationName = Release;
		};
		3CBAEE63250530E4002473BD /* Build configuration list for PBXNativeTarget "10MinuteTask-ios" */ = {
			isa = XCConfigurationList;
			buildConfigurations = (
				3CBAEE64250530E4002473BD /* Debug */,
				3CBAEE65250530E4002473BD /* Release */,
			);
			defaultConfigurationIsVisible = 0;
			defaultConfigurationName = Release;
		};
/* End XCConfigurationList section */
	};
	rootObject = 3CBAEE47250530E3002473BD /* Project object */;
}
