// !$*UTF8*$!
{
	archiveVersion = 1;
	classes = {
	};
	objectVersion = 50;
	objects = {

/* Begin PBXBuildFile section */
		3CABCA0024D88F9600ADDC32 /* AppDelegate.swift in Sources */ = {isa = PBXBuildFile; fileRef = 3CABC9FF24D88F9600ADDC32 /* AppDelegate.swift */; };
		3CABCA0224D88F9600ADDC32 /* ViewController.swift in Sources */ = {isa = PBXBuildFile; fileRef = 3CABCA0124D88F9600ADDC32 /* ViewController.swift */; };
		3CABCA0424D88F9700ADDC32 /* Assets.xcassets in Resources */ = {isa = PBXBuildFile; fileRef = 3CABCA0324D88F9700ADDC32 /* Assets.xcassets */; };
		3CABCA0724D88F9700ADDC32 /* Main.storyboard in Resources */ = {isa = PBXBuildFile; fileRef = 3CABCA0524D88F9700ADDC32 /* Main.storyboard */; };
		3CABCA1024D890ED00ADDC32 /* ContentView.swift in Sources */ = {isa = PBXBuildFile; fileRef = 3CABCA0F24D890ED00ADDC32 /* ContentView.swift */; };
/* End PBXBuildFile section */

/* Begin PBXFileReference section */
		3CABC9FC24D88F9600ADDC32 /* 10minuteTask.app */ = {isa = PBXFileReference; explicitFileType = wrapper.application; includeInIndex = 0; path = 10minuteTask.app; sourceTree = BUILT_PRODUCTS_DIR; };
		3CABC9FF24D88F9600ADDC32 /* AppDelegate.swift */ = {isa = PBXFileReference; lastKnownFileType = sourcecode.swift; path = AppDelegate.swift; sourceTree = "<group>"; };
		3CABCA0124D88F9600ADDC32 /* ViewController.swift */ = {isa = PBXFileReference; lastKnownFileType = sourcecode.swift; path = ViewController.swift; sourceTree = "<group>"; };
		3CABCA0324D88F9700ADDC32 /* Assets.xcassets */ = {isa = PBXFileReference; lastKnownFileType = folder.assetcatalog; path = Assets.xcassets; sourceTree = "<group>"; };
		3CABCA0624D88F9700ADDC32 /* Base */ = {isa = PBXFileReference; lastKnownFileType = file.storyboard; name = Base; path = Base.lproj/Main.storyboard; sourceTree = "<group>"; };
		3CABCA0824D88F9700ADDC32 /* Info.plist */ = {isa = PBXFileReference; lastKnownFileType = text.plist.xml; path = Info.plist; sourceTree = "<group>"; };
		3CABCA0924D88F9700ADDC32 /* _0minuteTask.entitlements */ = {isa = PBXFileReference; lastKnownFileType = text.plist.entitlements; path = _0minuteTask.entitlements; sourceTree = "<group>"; };
		3CABCA0F24D890ED00ADDC32 /* ContentView.swift */ = {isa = PBXFileReference; lastKnownFileType = sourcecode.swift; path = ContentView.swift; sourceTree = "<group>"; };
/* End PBXFileReference section */

/* Begin PBXFrameworksBuildPhase section */
		3CABC9F924D88F9600ADDC32 /* Frameworks */ = {
			isa = PBXFrameworksBuildPhase;
			buildActionMask = 2147483647;
			files = (
			);
			runOnlyForDeploymentPostprocessing = 0;
		};
/* End PBXFrameworksBuildPhase section */

/* Begin PBXGroup section */
		3CABC9F324D88F9600ADDC32 = {
			isa = PBXGroup;
			children = (
				3CABC9FE24D88F9600ADDC32 /* 10minuteTask */,
				3CABC9FD24D88F9600ADDC32 /* Products */,
			);
			sourceTree = "<group>";
		};
		3CABC9FD24D88F9600ADDC32 /* Products */ = {
			isa = PBXGroup;
			children = (
				3CABC9FC24D88F9600ADDC32 /* 10minuteTask.app */,
			);
			name = Products;
			sourceTree = "<group>";
		};
		3CABC9FE24D88F9600ADDC32 /* 10minuteTask */ = {
			isa = PBXGroup;
			children = (
				3CABC9FF24D88F9600ADDC32 /* AppDelegate.swift */,
				3CABCA0124D88F9600ADDC32 /* ViewController.swift */,
				3CABCA0324D88F9700ADDC32 /* Assets.xcassets */,
				3CABCA0524D88F9700ADDC32 /* Main.storyboard */,
				3CABCA0F24D890ED00ADDC32 /* ContentView.swift */,
				3CABCA0824D88F9700ADDC32 /* Info.plist */,
				3CABCA0924D88F9700ADDC32 /* _0minuteTask.entitlements */,
			);
			path = 10minuteTask;
			sourceTree = "<group>";
		};
/* End PBXGroup section */

/* Begin PBXNativeTarget section */
		3CABC9FB24D88F9600ADDC32 /* 10minuteTask */ = {
			isa = PBXNativeTarget;
			buildConfigurationList = 3CABCA0C24D88F9700ADDC32 /* Build configuration list for PBXNativeTarget "10minuteTask" */;
			buildPhases = (
				3CABC9F824D88F9600ADDC32 /* Sources */,
				3CABC9F924D88F9600ADDC32 /* Frameworks */,
				3CABC9FA24D88F9600ADDC32 /* Resources */,
			);
			buildRules = (
			);
			dependencies = (
			);
			name = 10minuteTask;
			productName = 10minuteTask;
			productReference = 3CABC9FC24D88F9600ADDC32 /* 10minuteTask.app */;
			productType = "com.apple.product-type.application";
		};
/* End PBXNativeTarget section */

/* Begin PBXProject section */
		3CABC9F424D88F9600ADDC32 /* Project object */ = {
			isa = PBXProject;
			attributes = {
				LastSwiftUpdateCheck = 1150;
				LastUpgradeCheck = 1150;
				ORGANIZATIONNAME = jina;
				TargetAttributes = {
					3CABC9FB24D88F9600ADDC32 = {
						CreatedOnToolsVersion = 11.5;
					};
				};
			};
			buildConfigurationList = 3CABC9F724D88F9600ADDC32 /* Build configuration list for PBXProject "10minuteTask" */;
			compatibilityVersion = "Xcode 9.3";
			developmentRegion = en;
			hasScannedForEncodings = 0;
			knownRegions = (
				en,
				Base,
			);
			mainGroup = 3CABC9F324D88F9600ADDC32;
			productRefGroup = 3CABC9FD24D88F9600ADDC32 /* Products */;
			projectDirPath = "";
			projectRoot = "";
			targets = (
				3CABC9FB24D88F9600ADDC32 /* 10minuteTask */,
			);
		};
/* End PBXProject section */

/* Begin PBXResourcesBuildPhase section */
		3CABC9FA24D88F9600ADDC32 /* Resources */ = {
			isa = PBXResourcesBuildPhase;
			buildActionMask = 2147483647;
			files = (
				3CABCA0424D88F9700ADDC32 /* Assets.xcassets in Resources */,
				3CABCA0724D88F9700ADDC32 /* Main.storyboard in Resources */,
			);
			runOnlyForDeploymentPostprocessing = 0;
		};
/* End PBXResourcesBuildPhase section */

/* Begin PBXSourcesBuildPhase section */
		3CABC9F824D88F9600ADDC32 /* Sources */ = {
			isa = PBXSourcesBuildPhase;
			buildActionMask = 2147483647;
			files = (
				3CABCA0224D88F9600ADDC32 /* ViewController.swift in Sources */,
				3CABCA0024D88F9600ADDC32 /* AppDelegate.swift in Sources */,
				3CABCA1024D890ED00ADDC32 /* ContentView.swift in Sources */,
			);
			runOnlyForDeploymentPostprocessing = 0;
		};
/* End PBXSourcesBuildPhase section */

/* Begin PBXVariantGroup section */
		3CABCA0524D88F9700ADDC32 /* Main.storyboard */ = {
			isa = PBXVariantGroup;
			children = (
				3CABCA0624D88F9700ADDC32 /* Base */,
			);
			name = Main.storyboard;
			sourceTree = "<group>";
		};
/* End PBXVariantGroup section */

/* Begin XCBuildConfiguration section */
		3CABCA0A24D88F9700ADDC32 /* Debug */ = {
			isa = XCBuildConfiguration;
			buildSettings = {
				ALWAYS_SEARCH_USER_PATHS = NO;
				CLANG_ANALYZER_NONNULL = YES;
				CLANG_ANALYZER_NUMBER_OBJECT_CONVERSION = YES_AGGRESSIVE;
				CLANG_CXX_LANGUAGE_STANDARD = "gnu++14";
				CLANG_CXX_LIBRARY = "libc++";
				CLANG_ENABLE_MODULES = YES;
				CLANG_ENABLE_OBJC_ARC = YES;
				CLANG_ENABLE_OBJC_WEAK = YES;
				CLANG_WARN_BLOCK_CAPTURE_AUTORELEASING = YES;
				CLANG_WARN_BOOL_CONVERSION = YES;
				CLANG_WARN_COMMA = YES;
				CLANG_WARN_CONSTANT_CONVERSION = YES;
				CLANG_WARN_DEPRECATED_OBJC_IMPLEMENTATIONS = YES;
				CLANG_WARN_DIRECT_OBJC_ISA_USAGE = YES_ERROR;
				CLANG_WARN_DOCUMENTATION_COMMENTS = YES;
				CLANG_WARN_EMPTY_BODY = YES;
				CLANG_WARN_ENUM_CONVERSION = YES;
				CLANG_WARN_INFINITE_RECURSION = YES;
				CLANG_WARN_INT_CONVERSION = YES;
				CLANG_WARN_NON_LITERAL_NULL_CONVERSION = YES;
				CLANG_WARN_OBJC_IMPLICIT_RETAIN_SELF = YES;
				CLANG_WARN_OBJC_LITERAL_CONVERSION = YES;
				CLANG_WARN_OBJC_ROOT_CLASS = YES_ERROR;
				CLANG_WARN_RANGE_LOOP_ANALYSIS = YES;
				CLANG_WARN_STRICT_PROTOTYPES = YES;
				CLANG_WARN_SUSPICIOUS_MOVE = YES;
				CLANG_WARN_UNGUARDED_AVAILABILITY = YES_AGGRESSIVE;
				CLANG_WARN_UNREACHABLE_CODE = YES;
				CLANG_WARN__DUPLICATE_METHOD_MATCH = YES;
				COPY_PHASE_STRIP = NO;
				DEBUG_INFORMATION_FORMAT = dwarf;
				ENABLE_STRICT_OBJC_MSGSEND = YES;
				ENABLE_TESTABILITY = YES;
				GCC_C_LANGUAGE_STANDARD = gnu11;
				GCC_DYNAMIC_NO_PIC = NO;
				GCC_NO_COMMON_BLOCKS = YES;
				GCC_OPTIMIZATION_LEVEL = 0;
				GCC_PREPROCESSOR_DEFINITIONS = (
					"DEBUG=1",
					"$(inherited)",
				);
				GCC_WARN_64_TO_32_BIT_CONVERSION = YES;
				GCC_WARN_ABOUT_RETURN_TYPE = YES_ERROR;
				GCC_WARN_UNDECLARED_SELECTOR = YES;
				GCC_WARN_UNINITIALIZED_AUTOS = YES_AGGRESSIVE;
				GCC_WARN_UNUSED_FUNCTION = YES;
				GCC_WARN_UNUSED_VARIABLE = YES;
				MACOSX_DEPLOYMENT_TARGET = 10.15;
				MTL_ENABLE_DEBUG_INFO = INCLUDE_SOURCE;
				MTL_FAST_MATH = YES;
				ONLY_ACTIVE_ARCH = YES;
				SDKROOT = macosx;
				SWIFT_ACTIVE_COMPILATION_CONDITIONS = DEBUG;
				SWIFT_OPTIMIZATION_LEVEL = "-Onone";
			};
			name = Debug;
		};
		3CABCA0B24D88F9700ADDC32 /* Release */ = {
			isa = XCBuildConfiguration;
			buildSettings = {
				ALWAYS_SEARCH_USER_PATHS = NO;
				CLANG_ANALYZER_NONNULL = YES;
				CLANG_ANALYZER_NUMBER_OBJECT_CONVERSION = YES_AGGRESSIVE;
				CLANG_CXX_LANGUAGE_STANDARD = "gnu++14";
				CLANG_CXX_LIBRARY = "libc++";
				CLANG_ENABLE_MODULES = YES;
				CLANG_ENABLE_OBJC_ARC = YES;
				CLANG_ENABLE_OBJC_WEAK = YES;
				CLANG_WARN_BLOCK_CAPTURE_AUTORELEASING = YES;
				CLANG_WARN_BOOL_CONVERSION = YES;
				CLANG_WARN_COMMA = YES;
				CLANG_WARN_CONSTANT_CONVERSION = YES;
				CLANG_WARN_DEPRECATED_OBJC_IMPLEMENTATIONS = YES;
				CLANG_WARN_DIRECT_OBJC_ISA_USAGE = YES_ERROR;
				CLANG_WARN_DOCUMENTATION_COMMENTS = YES;
				CLANG_WARN_EMPTY_BODY = YES;
				CLANG_WARN_ENUM_CONVERSION = YES;
				CLANG_WARN_INFINITE_RECURSION = YES;
				CLANG_WARN_INT_CONVERSION = YES;
				CLANG_WARN_NON_LITERAL_NULL_CONVERSION = YES;
				CLANG_WARN_OBJC_IMPLICIT_RETAIN_SELF = YES;
				CLANG_WARN_OBJC_LITERAL_CONVERSION = YES;
				CLANG_WARN_OBJC_ROOT_CLASS = YES_ERROR;
				CLANG_WARN_RANGE_LOOP_ANALYSIS = YES;
				CLANG_WARN_STRICT_PROTOTYPES = YES;
				CLANG_WARN_SUSPICIOUS_MOVE = YES;
				CLANG_WARN_UNGUARDED_AVAILABILITY = YES_AGGRESSIVE;
				CLANG_WARN_UNREACHABLE_CODE = YES;
				CLANG_WARN__DUPLICATE_METHOD_MATCH = YES;
				COPY_PHASE_STRIP = NO;
				DEBUG_INFORMATION_FORMAT = "dwarf-with-dsym";
				ENABLE_NS_ASSERTIONS = NO;
				ENABLE_STRICT_OBJC_MSGSEND = YES;
				GCC_C_LANGUAGE_STANDARD = gnu11;
				GCC_NO_COMMON_BLOCKS = YES;
				GCC_WARN_64_TO_32_BIT_CONVERSION = YES;
				GCC_WARN_ABOUT_RETURN_TYPE = YES_ERROR;
				GCC_WARN_UNDECLARED_SELECTOR = YES;
				GCC_WARN_UNINITIALIZED_AUTOS = YES_AGGRESSIVE;
				GCC_WARN_UNUSED_FUNCTION = YES;
				GCC_WARN_UNUSED_VARIABLE = YES;
				MACOSX_DEPLOYMENT_TARGET = 10.15;
				MTL_ENABLE_DEBUG_INFO = NO;
				MTL_FAST_MATH = YES;
				SDKROOT = macosx;
				SWIFT_COMPILATION_MODE = wholemodule;
				SWIFT_OPTIMIZATION_LEVEL = "-O";
			};
			name = Release;
		};
		3CABCA0D24D88F9700ADDC32 /* Debug */ = {
			isa = XCBuildConfiguration;
			buildSettings = {
				ASSETCATALOG_COMPILER_APPICON_NAME = AppIcon;
				CODE_SIGN_ENTITLEMENTS = 10minuteTask/_0minuteTask.entitlements;
				CODE_SIGN_STYLE = Automatic;
				COMBINE_HIDPI_IMAGES = YES;
				DEVELOPMENT_TEAM = YA2HFH8QH6;
				ENABLE_HARDENED_RUNTIME = YES;
				INFOPLIST_FILE = 10minuteTask/Info.plist;
				LD_RUNPATH_SEARCH_PATHS = (
					"$(inherited)",
					"@executable_path/../Frameworks",
				);
				PRODUCT_BUNDLE_IDENTIFIER = "jina.-0minuteTask";
				PRODUCT_NAME = "$(TARGET_NAME)";
				SWIFT_VERSION = 5.0;
			};
			name = Debug;
		};
		3CABCA0E24D88F9700ADDC32 /* Release */ = {
			isa = XCBuildConfiguration;
			buildSettings = {
				ASSETCATALOG_COMPILER_APPICON_NAME = AppIcon;
				CODE_SIGN_ENTITLEMENTS = 10minuteTask/_0minuteTask.entitlements;
				CODE_SIGN_STYLE = Automatic;
				COMBINE_HIDPI_IMAGES = YES;
				DEVELOPMENT_TEAM = YA2HFH8QH6;
				ENABLE_HARDENED_RUNTIME = YES;
				INFOPLIST_FILE = 10minuteTask/Info.plist;
				LD_RUNPATH_SEARCH_PATHS = (
					"$(inherited)",
					"@executable_path/../Frameworks",
				);
				PRODUCT_BUNDLE_IDENTIFIER = "jina.-0minuteTask";
				PRODUCT_NAME = "$(TARGET_NAME)";
				SWIFT_VERSION = 5.0;
			};
			name = Release;
		};
/* End XCBuildConfiguration section */

/* Begin XCConfigurationList section */
		3CABC9F724D88F9600ADDC32 /* Build configuration list for PBXProject "10minuteTask" */ = {
			isa = XCConfigurationList;
			buildConfigurations = (
				3CABCA0A24D88F9700ADDC32 /* Debug */,
				3CABCA0B24D88F9700ADDC32 /* Release */,
			);
			defaultConfigurationIsVisible = 0;
			defaultConfigurationName = Release;
		};
		3CABCA0C24D88F9700ADDC32 /* Build configuration list for PBXNativeTarget "10minuteTask" */ = {
			isa = XCConfigurationList;
			buildConfigurations = (
				3CABCA0D24D88F9700ADDC32 /* Debug */,
				3CABCA0E24D88F9700ADDC32 /* Release */,
			);
			defaultConfigurationIsVisible = 0;
			defaultConfigurationName = Release;
		};
/* End XCConfigurationList section */
	};
	rootObject = 3CABC9F424D88F9600ADDC32 /* Project object */;
}
